
Microsoft Visual Studio Solution File, Format Version 12.00
# Visual Studio Version 16
VisualStudioVersion = 16.0.31729.503
MinimumVisualStudioVersion = 10.0.40219.1
Project("{FAE04EC0-301F-11D3-BF4B-00C04F79EFBC}") = "GB_Lesson3_1", "GB_Lesson3_1\GB_Lesson3_1.csproj", "{FC367567-B4E7-4A23-B280-95580EA34AA8}"
EndProject
Project("{FAE04EC0-301F-11D3-BF4B-00C04F79EFBC}") = "GB_Lesson3_2", "GB_Lesson3_2\GB_Lesson3_2.csproj", "{A619C9C5-3734-40F6-B3A7-CFF9A1634BC5}"
EndProject
Project("{FAE04EC0-301F-11D3-BF4B-00C04F79EFBC}") = "GB_Lesson3_3", "GB_Lesson3_3\GB_Lesson3_3.csproj", "{96865D6F-07CB-4544-A80C-056BB3169CCD}"
EndProject
Global
	GlobalSection(SolutionConfigurationPlatforms) = preSolution
		Debug|Any CPU = Debug|Any CPU
		Release|Any CPU = Release|Any CPU
	EndGlobalSection
	GlobalSection(ProjectConfigurationPlatforms) = postSolution
		{FC367567-B4E7-4A23-B280-95580EA34AA8}.Debug|Any CPU.ActiveCfg = Debug|Any CPU
		{FC367567-B4E7-4A23-B280-95580EA34AA8}.Debug|Any CPU.Build.0 = Debug|Any CPU
		{FC367567-B4E7-4A23-B280-95580EA34AA8}.Release|Any CPU.ActiveCfg = Release|Any CPU
		{FC367567-B4E7-4A23-B280-95580EA34AA8}.Release|Any CPU.Build.0 = Release|Any CPU
		{A619C9C5-3734-40F6-B3A7-CFF9A1634BC5}.Debug|Any CPU.ActiveCfg = Debug|Any CPU
		{A619C9C5-3734-40F6-B3A7-CFF9A1634BC5}.Debug|Any CPU.Build.0 = Debug|Any CPU
		{A619C9C5-3734-40F6-B3A7-CFF9A1634BC5}.Release|Any CPU.ActiveCfg = Release|Any CPU
		{A619C9C5-3734-40F6-B3A7-CFF9A1634BC5}.Release|Any CPU.Build.0 = Release|Any CPU
		{96865D6F-07CB-4544-A80C-056BB3169CCD}.Debug|Any CPU.ActiveCfg = Debug|Any CPU
		{96865D6F-07CB-4544-A80C-056BB3169CCD}.Debug|Any CPU.Build.0 = Debug|Any CPU
		{96865D6F-07CB-4544-A80C-056BB3169CCD}.Release|Any CPU.ActiveCfg = Release|Any CPU
		{96865D6F-07CB-4544-A80C-056BB3169CCD}.Release|Any CPU.Build.0 = Release|Any CPU
	EndGlobalSection
	GlobalSection(SolutionProperties) = preSolution
		HideSolutionNode = FALSE
	EndGlobalSection
	GlobalSection(ExtensibilityGlobals) = postSolution
		SolutionGuid = {2D8E9A89-2541-4F59-B997-C6914BAD3BF6}
	EndGlobalSection
EndGlobal
