
Microsoft Visual Studio Solution File, Format Version 12.00
# Visual Studio Version 16
VisualStudioVersion = 16.0.31911.196
MinimumVisualStudioVersion = 10.0.40219.1
Project("{FAE04EC0-301F-11D3-BF4B-00C04F79EFBC}") = "GB_Lesson6_1", "GB_Lesson6_1\GB_Lesson6_1.csproj", "{74D2D068-1105-4B7C-9EE5-B6B97DB3FBED}"
EndProject
Global
	GlobalSection(SolutionConfigurationPlatforms) = preSolution
		Debug|Any CPU = Debug|Any CPU
		Release|Any CPU = Release|Any CPU
	EndGlobalSection
	GlobalSection(ProjectConfigurationPlatforms) = postSolution
		{74D2D068-1105-4B7C-9EE5-B6B97DB3FBED}.Debug|Any CPU.ActiveCfg = Debug|Any CPU
		{74D2D068-1105-4B7C-9EE5-B6B97DB3FBED}.Debug|Any CPU.Build.0 = Debug|Any CPU
		{74D2D068-1105-4B7C-9EE5-B6B97DB3FBED}.Release|Any CPU.ActiveCfg = Release|Any CPU
		{74D2D068-1105-4B7C-9EE5-B6B97DB3FBED}.Release|Any CPU.Build.0 = Release|Any CPU
	EndGlobalSection
	GlobalSection(SolutionProperties) = preSolution
		HideSolutionNode = FALSE
	EndGlobalSection
	GlobalSection(ExtensibilityGlobals) = postSolution
		SolutionGuid = {7E9137FE-5A09-47B3-A89B-5D461AE34749}
	EndGlobalSection
EndGlobal
